// !$*UTF8*$!
{
	archiveVersion = 1;
	classes = {
	};
	objectVersion = 56;
	objects = {

/* Begin PBXBuildFile section */
		04082F6B2BDFA2A400663028 /* WelcomeAppApp.swift in Sources */ = {isa = PBXBuildFile; fileRef = 04082F6A2BDFA2A400663028 /* WelcomeAppApp.swift */; };
		04082F6D2BDFA2A400663028 /* ContentView.swift in Sources */ = {isa = PBXBuildFile; fileRef = 04082F6C2BDFA2A400663028 /* ContentView.swift */; };
		04082F6F2BDFA2A500663028 /* Assets.xcassets in Resources */ = {isa = PBXBuildFile; fileRef = 04082F6E2BDFA2A500663028 /* Assets.xcassets */; };
		04082F722BDFA2A500663028 /* Preview Assets.xcassets in Resources */ = {isa = PBXBuildFile; fileRef = 04082F712BDFA2A500663028 /* Preview Assets.xcassets */; };
		04082F7C2BDFA2A500663028 /* WelcomeAppTests.swift in Sources */ = {isa = PBXBuildFile; fileRef = 04082F7B2BDFA2A500663028 /* WelcomeAppTests.swift */; };
		04082F862BDFA2A500663028 /* WelcomeAppUITests.swift in Sources */ = {isa = PBXBuildFile; fileRef = 04082F852BDFA2A500663028 /* WelcomeAppUITests.swift */; };
		04082F882BDFA2A500663028 /* WelcomeAppUITestsLaunchTests.swift in Sources */ = {isa = PBXBuildFile; fileRef = 04082F872BDFA2A500663028 /* WelcomeAppUITestsLaunchTests.swift */; };
/* End PBXBuildFile section */

/* Begin PBXContainerItemProxy section */
		04082F782BDFA2A500663028 /* PBXContainerItemProxy */ = {
			isa = PBXContainerItemProxy;
			containerPortal = 04082F5F2BDFA2A400663028 /* Project object */;
			proxyType = 1;
			remoteGlobalIDString = 04082F662BDFA2A400663028;
			remoteInfo = WelcomeApp;
		};
		04082F822BDFA2A500663028 /* PBXContainerItemProxy */ = {
			isa = PBXContainerItemProxy;
			containerPortal = 04082F5F2BDFA2A400663028 /* Project object */;
			proxyType = 1;
			remoteGlobalIDString = 04082F662BDFA2A400663028;
			remoteInfo = WelcomeApp;
		};
/* End PBXContainerItemProxy section */

/* Begin PBXFileReference section */
		04082F672BDFA2A400663028 /* WelcomeApp.app */ = {isa = PBXFileReference; explicitFileType = wrapper.application; includeInIndex = 0; path = WelcomeApp.app; sourceTree = BUILT_PRODUCTS_DIR; };
		04082F6A2BDFA2A400663028 /* WelcomeAppApp.swift */ = {isa = PBXFileReference; lastKnownFileType = sourcecode.swift; path = WelcomeAppApp.swift; sourceTree = "<group>"; };
		04082F6C2BDFA2A400663028 /* ContentView.swift */ = {isa = PBXFileReference; lastKnownFileType = sourcecode.swift; path = ContentView.swift; sourceTree = "<group>"; };
		04082F6E2BDFA2A500663028 /* Assets.xcassets */ = {isa = PBXFileReference; lastKnownFileType = folder.assetcatalog; path = Assets.xcassets; sourceTree = "<group>"; };
		04082F712BDFA2A500663028 /* Preview Assets.xcassets */ = {isa = PBXFileReference; lastKnownFileType = folder.assetcatalog; path = "Preview Assets.xcassets"; sourceTree = "<group>"; };
		04082F772BDFA2A500663028 /* WelcomeAppTests.xctest */ = {isa = PBXFileReference; explicitFileType = wrapper.cfbundle; includeInIndex = 0; path = WelcomeAppTests.xctest; sourceTree = BUILT_PRODUCTS_DIR; };
		04082F7B2BDFA2A500663028 /* WelcomeAppTests.swift */ = {isa = PBXFileReference; lastKnownFileType = sourcecode.swift; path = WelcomeAppTests.swift; sourceTree = "<group>"; };
		04082F812BDFA2A500663028 /* WelcomeAppUITests.xctest */ = {isa = PBXFileReference; explicitFileType = wrapper.cfbundle; includeInIndex = 0; path = WelcomeAppUITests.xctest; sourceTree = BUILT_PRODUCTS_DIR; };
		04082F852BDFA2A500663028 /* WelcomeAppUITests.swift */ = {isa = PBXFileReference; lastKnownFileType = sourcecode.swift; path = WelcomeAppUITests.swift; sourceTree = "<group>"; };
		04082F872BDFA2A500663028 /* WelcomeAppUITestsLaunchTests.swift */ = {isa = PBXFileReference; lastKnownFileType = sourcecode.swift; path = WelcomeAppUITestsLaunchTests.swift; sourceTree = "<group>"; };
/* End PBXFileReference section */

/* Begin PBXFrameworksBuildPhase section */
		04082F642BDFA2A400663028 /* Frameworks */ = {
			isa = PBXFrameworksBuildPhase;
			buildActionMask = 2147483647;
			files = (
			);
			runOnlyForDeploymentPostprocessing = 0;
		};
		04082F742BDFA2A500663028 /* Frameworks */ = {
			isa = PBXFrameworksBuildPhase;
			buildActionMask = 2147483647;
			files = (
			);
			runOnlyForDeploymentPostprocessing = 0;
		};
		04082F7E2BDFA2A500663028 /* Frameworks */ = {
			isa = PBXFrameworksBuildPhase;
			buildActionMask = 2147483647;
			files = (
			);
			runOnlyForDeploymentPostprocessing = 0;
		};
/* End PBXFrameworksBuildPhase section */

/* Begin PBXGroup section */
		04082F5E2BDFA2A400663028 = {
			isa = PBXGroup;
			children = (
				04082F692BDFA2A400663028 /* WelcomeApp */,
				04082F7A2BDFA2A500663028 /* WelcomeAppTests */,
				04082F842BDFA2A500663028 /* WelcomeAppUITests */,
				04082F682BDFA2A400663028 /* Products */,
			);
			sourceTree = "<group>";
		};
		04082F682BDFA2A400663028 /* Products */ = {
			isa = PBXGroup;
			children = (
				04082F672BDFA2A400663028 /* WelcomeApp.app */,
				04082F772BDFA2A500663028 /* WelcomeAppTests.xctest */,
				04082F812BDFA2A500663028 /* WelcomeAppUITests.xctest */,
			);
			name = Products;
			sourceTree = "<group>";
		};
		04082F692BDFA2A400663028 /* WelcomeApp */ = {
			isa = PBXGroup;
			children = (
				04082F6A2BDFA2A400663028 /* WelcomeAppApp.swift */,
				04082F6C2BDFA2A400663028 /* ContentView.swift */,
				04082F6E2BDFA2A500663028 /* Assets.xcassets */,
				04082F702BDFA2A500663028 /* Preview Content */,
			);
			path = WelcomeApp;
			sourceTree = "<group>";
		};
		04082F702BDFA2A500663028 /* Preview Content */ = {
			isa = PBXGroup;
			children = (
				04082F712BDFA2A500663028 /* Preview Assets.xcassets */,
			);
			path = "Preview Content";
			sourceTree = "<group>";
		};
		04082F7A2BDFA2A500663028 /* WelcomeAppTests */ = {
			isa = PBXGroup;
			children = (
				04082F7B2BDFA2A500663028 /* WelcomeAppTests.swift */,
			);
			path = WelcomeAppTests;
			sourceTree = "<group>";
		};
		04082F842BDFA2A500663028 /* WelcomeAppUITests */ = {
			isa = PBXGroup;
			children = (
				04082F852BDFA2A500663028 /* WelcomeAppUITests.swift */,
				04082F872BDFA2A500663028 /* WelcomeAppUITestsLaunchTests.swift */,
			);
			path = WelcomeAppUITests;
			sourceTree = "<group>";
		};
/* End PBXGroup section */

/* Begin PBXNativeTarget section */
		04082F662BDFA2A400663028 /* WelcomeApp */ = {
			isa = PBXNativeTarget;
			buildConfigurationList = 04082F8B2BDFA2A500663028 /* Build configuration list for PBXNativeTarget "WelcomeApp" */;
			buildPhases = (
				04082F632BDFA2A400663028 /* Sources */,
				04082F642BDFA2A400663028 /* Frameworks */,
				04082F652BDFA2A400663028 /* Resources */,
			);
			buildRules = (
			);
			dependencies = (
			);
			name = WelcomeApp;
			productName = WelcomeApp;
			productReference = 04082F672BDFA2A400663028 /* WelcomeApp.app */;
			productType = "com.apple.product-type.application";
		};
		04082F762BDFA2A500663028 /* WelcomeAppTests */ = {
			isa = PBXNativeTarget;
			buildConfigurationList = 04082F8E2BDFA2A500663028 /* Build configuration list for PBXNativeTarget "WelcomeAppTests" */;
			buildPhases = (
				04082F732BDFA2A500663028 /* Sources */,
				04082F742BDFA2A500663028 /* Frameworks */,
				04082F752BDFA2A500663028 /* Resources */,
			);
			buildRules = (
			);
			dependencies = (
				04082F792BDFA2A500663028 /* PBXTargetDependency */,
			);
			name = WelcomeAppTests;
			productName = WelcomeAppTests;
			productReference = 04082F772BDFA2A500663028 /* WelcomeAppTests.xctest */;
			productType = "com.apple.product-type.bundle.unit-test";
		};
		04082F802BDFA2A500663028 /* WelcomeAppUITests */ = {
			isa = PBXNativeTarget;
			buildConfigurationList = 04082F912BDFA2A500663028 /* Build configuration list for PBXNativeTarget "WelcomeAppUITests" */;
			buildPhases = (
				04082F7D2BDFA2A500663028 /* Sources */,
				04082F7E2BDFA2A500663028 /* Frameworks */,
				04082F7F2BDFA2A500663028 /* Resources */,
			);
			buildRules = (
			);
			dependencies = (
				04082F832BDFA2A500663028 /* PBXTargetDependency */,
			);
			name = WelcomeAppUITests;
			productName = WelcomeAppUITests;
			productReference = 04082F812BDFA2A500663028 /* WelcomeAppUITests.xctest */;
			productType = "com.apple.product-type.bundle.ui-testing";
		};
/* End PBXNativeTarget section */

/* Begin PBXProject section */
		04082F5F2BDFA2A400663028 /* Project object */ = {
			isa = PBXProject;
			attributes = {
				BuildIndependentTargetsInParallel = 1;
				LastSwiftUpdateCheck = 1530;
				LastUpgradeCheck = 1530;
				TargetAttributes = {
					04082F662BDFA2A400663028 = {
						CreatedOnToolsVersion = 15.3;
					};
					04082F762BDFA2A500663028 = {
						CreatedOnToolsVersion = 15.3;
						TestTargetID = 04082F662BDFA2A400663028;
					};
					04082F802BDFA2A500663028 = {
						CreatedOnToolsVersion = 15.3;
						TestTargetID = 04082F662BDFA2A400663028;
					};
				};
			};
			buildConfigurationList = 04082F622BDFA2A400663028 /* Build configuration list for PBXProject "WelcomeApp" */;
			compatibilityVersion = "Xcode 14.0";
			developmentRegion = en;
			hasScannedForEncodings = 0;
			knownRegions = (
				en,
				Base,
			);
			mainGroup = 04082F5E2BDFA2A400663028;
			productRefGroup = 04082F682BDFA2A400663028 /* Products */;
			projectDirPath = "";
			projectRoot = "";
			targets = (
				04082F662BDFA2A400663028 /* WelcomeApp */,
				04082F762BDFA2A500663028 /* WelcomeAppTests */,
				04082F802BDFA2A500663028 /* WelcomeAppUITests */,
			);
		};
/* End PBXProject section */

/* Begin PBXResourcesBuildPhase section */
		04082F652BDFA2A400663028 /* Resources */ = {
			isa = PBXResourcesBuildPhase;
			buildActionMask = 2147483647;
			files = (
				04082F722BDFA2A500663028 /* Preview Assets.xcassets in Resources */,
				04082F6F2BDFA2A500663028 /* Assets.xcassets in Resources */,
			);
			runOnlyForDeploymentPostprocessing = 0;
		};
		04082F752BDFA2A500663028 /* Resources */ = {
			isa = PBXResourcesBuildPhase;
			buildActionMask = 2147483647;
			files = (
			);
			runOnlyForDeploymentPostprocessing = 0;
		};
		04082F7F2BDFA2A500663028 /* Resources */ = {
			isa = PBXResourcesBuildPhase;
			buildActionMask = 2147483647;
			files = (
			);
			runOnlyForDeploymentPostprocessing = 0;
		};
/* End PBXResourcesBuildPhase section */

/* Begin PBXSourcesBuildPhase section */
		04082F632BDFA2A400663028 /* Sources */ = {
			isa = PBXSourcesBuildPhase;
			buildActionMask = 2147483647;
			files = (
				04082F6D2BDFA2A400663028 /* ContentView.swift in Sources */,
				04082F6B2BDFA2A400663028 /* WelcomeAppApp.swift in Sources */,
			);
			runOnlyForDeploymentPostprocessing = 0;
		};
		04082F732BDFA2A500663028 /* Sources */ = {
			isa = PBXSourcesBuildPhase;
			buildActionMask = 2147483647;
			files = (
				04082F7C2BDFA2A500663028 /* WelcomeAppTests.swift in Sources */,
			);
			runOnlyForDeploymentPostprocessing = 0;
		};
		04082F7D2BDFA2A500663028 /* Sources */ = {
			isa = PBXSourcesBuildPhase;
			buildActionMask = 2147483647;
			files = (
				04082F862BDFA2A500663028 /* WelcomeAppUITests.swift in Sources */,
				04082F882BDFA2A500663028 /* WelcomeAppUITestsLaunchTests.swift in Sources */,
			);
			runOnlyForDeploymentPostprocessing = 0;
		};
/* End PBXSourcesBuildPhase section */

/* Begin PBXTargetDependency section */
		04082F792BDFA2A500663028 /* PBXTargetDependency */ = {
			isa = PBXTargetDependency;
			target = 04082F662BDFA2A400663028 /* WelcomeApp */;
			targetProxy = 04082F782BDFA2A500663028 /* PBXContainerItemProxy */;
		};
		04082F832BDFA2A500663028 /* PBXTargetDependency */ = {
			isa = PBXTargetDependency;
			target = 04082F662BDFA2A400663028 /* WelcomeApp */;
			targetProxy = 04082F822BDFA2A500663028 /* PBXContainerItemProxy */;
		};
/* End PBXTargetDependency section */

/* Begin XCBuildConfiguration section */
		04082F892BDFA2A500663028 /* Debug */ = {
			isa = XCBuildConfiguration;
			buildSettings = {
				ALWAYS_SEARCH_USER_PATHS = NO;
				ASSETCATALOG_COMPILER_GENERATE_SWIFT_ASSET_SYMBOL_EXTENSIONS = YES;
				CLANG_ANALYZER_NONNULL = YES;
				CLANG_ANALYZER_NUMBER_OBJECT_CONVERSION = YES_AGGRESSIVE;
				CLANG_CXX_LANGUAGE_STANDARD = "gnu++20";
				CLANG_ENABLE_MODULES = YES;
				CLANG_ENABLE_OBJC_ARC = YES;
				CLANG_ENABLE_OBJC_WEAK = YES;
				CLANG_WARN_BLOCK_CAPTURE_AUTORELEASING = YES;
				CLANG_WARN_BOOL_CONVERSION = YES;
				CLANG_WARN_COMMA = YES;
				CLANG_WARN_CONSTANT_CONVERSION = YES;
				CLANG_WARN_DEPRECATED_OBJC_IMPLEMENTATIONS = YES;
				CLANG_WARN_DIRECT_OBJC_ISA_USAGE = YES_ERROR;
				CLANG_WARN_DOCUMENTATION_COMMENTS = YES;
				CLANG_WARN_EMPTY_BODY = YES;
				CLANG_WARN_ENUM_CONVERSION = YES;
				CLANG_WARN_INFINITE_RECURSION = YES;
				CLANG_WARN_INT_CONVERSION = YES;
				CLANG_WARN_NON_LITERAL_NULL_CONVERSION = YES;
				CLANG_WARN_OBJC_IMPLICIT_RETAIN_SELF = YES;
				CLANG_WARN_OBJC_LITERAL_CONVERSION = YES;
				CLANG_WARN_OBJC_ROOT_CLASS = YES_ERROR;
				CLANG_WARN_QUOTED_INCLUDE_IN_FRAMEWORK_HEADER = YES;
				CLANG_WARN_RANGE_LOOP_ANALYSIS = YES;
				CLANG_WARN_STRICT_PROTOTYPES = YES;
				CLANG_WARN_SUSPICIOUS_MOVE = YES;
				CLANG_WARN_UNGUARDED_AVAILABILITY = YES_AGGRESSIVE;
				CLANG_WARN_UNREACHABLE_CODE = YES;
				CLANG_WARN__DUPLICATE_METHOD_MATCH = YES;
				COPY_PHASE_STRIP = NO;
				DEBUG_INFORMATION_FORMAT = dwarf;
				ENABLE_STRICT_OBJC_MSGSEND = YES;
				ENABLE_TESTABILITY = YES;
				ENABLE_USER_SCRIPT_SANDBOXING = YES;
				GCC_C_LANGUAGE_STANDARD = gnu17;
				GCC_DYNAMIC_NO_PIC = NO;
				GCC_NO_COMMON_BLOCKS = YES;
				GCC_OPTIMIZATION_LEVEL = 0;
				GCC_PREPROCESSOR_DEFINITIONS = (
					"DEBUG=1",
					"$(inherited)",
				);
				GCC_WARN_64_TO_32_BIT_CONVERSION = YES;
				GCC_WARN_ABOUT_RETURN_TYPE = YES_ERROR;
				GCC_WARN_UNDECLARED_SELECTOR = YES;
				GCC_WARN_UNINITIALIZED_AUTOS = YES_AGGRESSIVE;
				GCC_WARN_UNUSED_FUNCTION = YES;
				GCC_WARN_UNUSED_VARIABLE = YES;
				IPHONEOS_DEPLOYMENT_TARGET = 17.4;
				LOCALIZATION_PREFERS_STRING_CATALOGS = YES;
				MTL_ENABLE_DEBUG_INFO = INCLUDE_SOURCE;
				MTL_FAST_MATH = YES;
				ONLY_ACTIVE_ARCH = YES;
				SDKROOT = iphoneos;
				SWIFT_ACTIVE_COMPILATION_CONDITIONS = "DEBUG $(inherited)";
				SWIFT_OPTIMIZATION_LEVEL = "-Onone";
			};
			name = Debug;
		};
		04082F8A2BDFA2A500663028 /* Release */ = {
			isa = XCBuildConfiguration;
			buildSettings = {
				ALWAYS_SEARCH_USER_PATHS = NO;
				ASSETCATALOG_COMPILER_GENERATE_SWIFT_ASSET_SYMBOL_EXTENSIONS = YES;
				CLANG_ANALYZER_NONNULL = YES;
				CLANG_ANALYZER_NUMBER_OBJECT_CONVERSION = YES_AGGRESSIVE;
				CLANG_CXX_LANGUAGE_STANDARD = "gnu++20";
				CLANG_ENABLE_MODULES = YES;
				CLANG_ENABLE_OBJC_ARC = YES;
				CLANG_ENABLE_OBJC_WEAK = YES;
				CLANG_WARN_BLOCK_CAPTURE_AUTORELEASING = YES;
				CLANG_WARN_BOOL_CONVERSION = YES;
				CLANG_WARN_COMMA = YES;
				CLANG_WARN_CONSTANT_CONVERSION = YES;
				CLANG_WARN_DEPRECATED_OBJC_IMPLEMENTATIONS = YES;
				CLANG_WARN_DIRECT_OBJC_ISA_USAGE = YES_ERROR;
				CLANG_WARN_DOCUMENTATION_COMMENTS = YES;
				CLANG_WARN_EMPTY_BODY = YES;
				CLANG_WARN_ENUM_CONVERSION = YES;
				CLANG_WARN_INFINITE_RECURSION = YES;
				CLANG_WARN_INT_CONVERSION = YES;
				CLANG_WARN_NON_LITERAL_NULL_CONVERSION = YES;
				CLANG_WARN_OBJC_IMPLICIT_RETAIN_SELF = YES;
				CLANG_WARN_OBJC_LITERAL_CONVERSION = YES;
				CLANG_WARN_OBJC_ROOT_CLASS = YES_ERROR;
				CLANG_WARN_QUOTED_INCLUDE_IN_FRAMEWORK_HEADER = YES;
				CLANG_WARN_RANGE_LOOP_ANALYSIS = YES;
				CLANG_WARN_STRICT_PROTOTYPES = YES;
				CLANG_WARN_SUSPICIOUS_MOVE = YES;
				CLANG_WARN_UNGUARDED_AVAILABILITY = YES_AGGRESSIVE;
				CLANG_WARN_UNREACHABLE_CODE = YES;
				CLANG_WARN__DUPLICATE_METHOD_MATCH = YES;
				COPY_PHASE_STRIP = NO;
				DEBUG_INFORMATION_FORMAT = "dwarf-with-dsym";
				ENABLE_NS_ASSERTIONS = NO;
				ENABLE_STRICT_OBJC_MSGSEND = YES;
				ENABLE_USER_SCRIPT_SANDBOXING = YES;
				GCC_C_LANGUAGE_STANDARD = gnu17;
				GCC_NO_COMMON_BLOCKS = YES;
				GCC_WARN_64_TO_32_BIT_CONVERSION = YES;
				GCC_WARN_ABOUT_RETURN_TYPE = YES_ERROR;
				GCC_WARN_UNDECLARED_SELECTOR = YES;
				GCC_WARN_UNINITIALIZED_AUTOS = YES_AGGRESSIVE;
				GCC_WARN_UNUSED_FUNCTION = YES;
				GCC_WARN_UNUSED_VARIABLE = YES;
				IPHONEOS_DEPLOYMENT_TARGET = 17.4;
				LOCALIZATION_PREFERS_STRING_CATALOGS = YES;
				MTL_ENABLE_DEBUG_INFO = NO;
				MTL_FAST_MATH = YES;
				SDKROOT = iphoneos;
				SWIFT_COMPILATION_MODE = wholemodule;
				VALIDATE_PRODUCT = YES;
			};
			name = Release;
		};
		04082F8C2BDFA2A500663028 /* Debug */ = {
			isa = XCBuildConfiguration;
			buildSettings = {
				ASSETCATALOG_COMPILER_APPICON_NAME = AppIcon;
				ASSETCATALOG_COMPILER_GLOBAL_ACCENT_COLOR_NAME = AccentColor;
				CODE_SIGN_STYLE = Automatic;
				CURRENT_PROJECT_VERSION = 1;
				DEVELOPMENT_ASSET_PATHS = "\"WelcomeApp/Preview Content\"";
				DEVELOPMENT_TEAM = LGQ9K24DNA;
				ENABLE_PREVIEWS = YES;
				GENERATE_INFOPLIST_FILE = YES;
				INFOPLIST_KEY_UIApplicationSceneManifest_Generation = YES;
				INFOPLIST_KEY_UIApplicationSupportsIndirectInputEvents = YES;
				INFOPLIST_KEY_UILaunchScreen_Generation = YES;
				INFOPLIST_KEY_UISupportedInterfaceOrientations_iPad = "UIInterfaceOrientationPortrait UIInterfaceOrientationPortraitUpsideDown UIInterfaceOrientationLandscapeLeft UIInterfaceOrientationLandscapeRight";
				INFOPLIST_KEY_UISupportedInterfaceOrientations_iPhone = "UIInterfaceOrientationPortrait UIInterfaceOrientationLandscapeLeft UIInterfaceOrientationLandscapeRight";
				LD_RUNPATH_SEARCH_PATHS = (
					"$(inherited)",
					"@executable_path/Frameworks",
				);
				MARKETING_VERSION = 1.0;
				PRODUCT_BUNDLE_IDENTIFIER = adev.WelcomeApp;
				PRODUCT_NAME = "$(TARGET_NAME)";
				SWIFT_EMIT_LOC_STRINGS = YES;
				SWIFT_VERSION = 5.0;
				TARGETED_DEVICE_FAMILY = "1,2";
			};
			name = Debug;
		};
		04082F8D2BDFA2A500663028 /* Release */ = {
			isa = XCBuildConfiguration;
			buildSettings = {
				ASSETCATALOG_COMPILER_APPICON_NAME = AppIcon;
				ASSETCATALOG_COMPILER_GLOBAL_ACCENT_COLOR_NAME = AccentColor;
				CODE_SIGN_STYLE = Automatic;
				CURRENT_PROJECT_VERSION = 1;
				DEVELOPMENT_ASSET_PATHS = "\"WelcomeApp/Preview Content\"";
				DEVELOPMENT_TEAM = LGQ9K24DNA;
				ENABLE_PREVIEWS = YES;
				GENERATE_INFOPLIST_FILE = YES;
				INFOPLIST_KEY_UIApplicationSceneManifest_Generation = YES;
				INFOPLIST_KEY_UIApplicationSupportsIndirectInputEvents = YES;
				INFOPLIST_KEY_UILaunchScreen_Generation = YES;
				INFOPLIST_KEY_UISupportedInterfaceOrientations_iPad = "UIInterfaceOrientationPortrait UIInterfaceOrientationPortraitUpsideDown UIInterfaceOrientationLandscapeLeft UIInterfaceOrientationLandscapeRight";
				INFOPLIST_KEY_UISupportedInterfaceOrientations_iPhone = "UIInterfaceOrientationPortrait UIInterfaceOrientationLandscapeLeft UIInterfaceOrientationLandscapeRight";
				LD_RUNPATH_SEARCH_PATHS = (
					"$(inherited)",
					"@executable_path/Frameworks",
				);
				MARKETING_VERSION = 1.0;
				PRODUCT_BUNDLE_IDENTIFIER = adev.WelcomeApp;
				PRODUCT_NAME = "$(TARGET_NAME)";
				SWIFT_EMIT_LOC_STRINGS = YES;
				SWIFT_VERSION = 5.0;
				TARGETED_DEVICE_FAMILY = "1,2";
			};
			name = Release;
		};
		04082F8F2BDFA2A500663028 /* Debug */ = {
			isa = XCBuildConfiguration;
			buildSettings = {
				ALWAYS_EMBED_SWIFT_STANDARD_LIBRARIES = YES;
				BUNDLE_LOADER = "$(TEST_HOST)";
				CODE_SIGN_STYLE = Automatic;
				CURRENT_PROJECT_VERSION = 1;
				DEVELOPMENT_TEAM = LGQ9K24DNA;
				GENERATE_INFOPLIST_FILE = YES;
				IPHONEOS_DEPLOYMENT_TARGET = 17.4;
				MARKETING_VERSION = 1.0;
				PRODUCT_BUNDLE_IDENTIFIER = adev.WelcomeAppTests;
				PRODUCT_NAME = "$(TARGET_NAME)";
				SWIFT_EMIT_LOC_STRINGS = NO;
				SWIFT_VERSION = 5.0;
				TARGETED_DEVICE_FAMILY = "1,2";
				TEST_HOST = "$(BUILT_PRODUCTS_DIR)/WelcomeApp.app/$(BUNDLE_EXECUTABLE_FOLDER_PATH)/WelcomeApp";
			};
			name = Debug;
		};
		04082F902BDFA2A500663028 /* Release */ = {
			isa = XCBuildConfiguration;
			buildSettings = {
				ALWAYS_EMBED_SWIFT_STANDARD_LIBRARIES = YES;
				BUNDLE_LOADER = "$(TEST_HOST)";
				CODE_SIGN_STYLE = Automatic;
				CURRENT_PROJECT_VERSION = 1;
				DEVELOPMENT_TEAM = LGQ9K24DNA;
				GENERATE_INFOPLIST_FILE = YES;
				IPHONEOS_DEPLOYMENT_TARGET = 17.4;
				MARKETING_VERSION = 1.0;
				PRODUCT_BUNDLE_IDENTIFIER = adev.WelcomeAppTests;
				PRODUCT_NAME = "$(TARGET_NAME)";
				SWIFT_EMIT_LOC_STRINGS = NO;
				SWIFT_VERSION = 5.0;
				TARGETED_DEVICE_FAMILY = "1,2";
				TEST_HOST = "$(BUILT_PRODUCTS_DIR)/WelcomeApp.app/$(BUNDLE_EXECUTABLE_FOLDER_PATH)/WelcomeApp";
			};
			name = Release;
		};
		04082F922BDFA2A500663028 /* Debug */ = {
			isa = XCBuildConfiguration;
			buildSettings = {
				ALWAYS_EMBED_SWIFT_STANDARD_LIBRARIES = YES;
				CODE_SIGN_STYLE = Automatic;
				CURRENT_PROJECT_VERSION = 1;
				DEVELOPMENT_TEAM = LGQ9K24DNA;
				GENERATE_INFOPLIST_FILE = YES;
				MARKETING_VERSION = 1.0;
				PRODUCT_BUNDLE_IDENTIFIER = adev.WelcomeAppUITests;
				PRODUCT_NAME = "$(TARGET_NAME)";
				SWIFT_EMIT_LOC_STRINGS = NO;
				SWIFT_VERSION = 5.0;
				TARGETED_DEVICE_FAMILY = "1,2";
				TEST_TARGET_NAME = WelcomeApp;
			};
			name = Debug;
		};
		04082F932BDFA2A500663028 /* Release */ = {
			isa = XCBuildConfiguration;
			buildSettings = {
				ALWAYS_EMBED_SWIFT_STANDARD_LIBRARIES = YES;
				CODE_SIGN_STYLE = Automatic;
				CURRENT_PROJECT_VERSION = 1;
				DEVELOPMENT_TEAM = LGQ9K24DNA;
				GENERATE_INFOPLIST_FILE = YES;
				MARKETING_VERSION = 1.0;
				PRODUCT_BUNDLE_IDENTIFIER = adev.WelcomeAppUITests;
				PRODUCT_NAME = "$(TARGET_NAME)";
				SWIFT_EMIT_LOC_STRINGS = NO;
				SWIFT_VERSION = 5.0;
				TARGETED_DEVICE_FAMILY = "1,2";
				TEST_TARGET_NAME = WelcomeApp;
			};
			name = Release;
		};
/* End XCBuildConfiguration section */

/* Begin XCConfigurationList section */
		04082F622BDFA2A400663028 /* Build configuration list for PBXProject "WelcomeApp" */ = {
			isa = XCConfigurationList;
			buildConfigurations = (
				04082F892BDFA2A500663028 /* Debug */,
				04082F8A2BDFA2A500663028 /* Release */,
			);
			defaultConfigurationIsVisible = 0;
			defaultConfigurationName = Release;
		};
		04082F8B2BDFA2A500663028 /* Build configuration list for PBXNativeTarget "WelcomeApp" */ = {
			isa = XCConfigurationList;
			buildConfigurations = (
				04082F8C2BDFA2A500663028 /* Debug */,
				04082F8D2BDFA2A500663028 /* Release */,
			);
			defaultConfigurationIsVisible = 0;
			defaultConfigurationName = Release;
		};
		04082F8E2BDFA2A500663028 /* Build configuration list for PBXNativeTarget "WelcomeAppTests" */ = {
			isa = XCConfigurationList;
			buildConfigurations = (
				04082F8F2BDFA2A500663028 /* Debug */,
				04082F902BDFA2A500663028 /* Release */,
			);
			defaultConfigurationIsVisible = 0;
			defaultConfigurationName = Release;
		};
		04082F912BDFA2A500663028 /* Build configuration list for PBXNativeTarget "WelcomeAppUITests" */ = {
			isa = XCConfigurationList;
			buildConfigurations = (
				04082F922BDFA2A500663028 /* Debug */,
				04082F932BDFA2A500663028 /* Release */,
			);
			defaultConfigurationIsVisible = 0;
			defaultConfigurationName = Release;
		};
/* End XCConfigurationList section */
	};
	rootObject = 04082F5F2BDFA2A400663028 /* Project object */;
}
